
Microsoft Visual Studio Solution File, Format Version 12.00
# Visual Studio Version 17
VisualStudioVersion = 17.10.35027.167
MinimumVisualStudioVersion = 10.0.40219.1
Project("{FAE04EC0-301F-11D3-BF4B-00C04F79EFBC}") = "Knowledge_quiz", "Knowledge_quiz\Knowledge_quiz.csproj", "{043FA2B9-D16E-4DB5-A294-F7AE45375A4D}"
EndProject
Global
	GlobalSection(SolutionConfigurationPlatforms) = preSolution
		Debug|Any CPU = Debug|Any CPU
		Release|Any CPU = Release|Any CPU
	EndGlobalSection
	GlobalSection(ProjectConfigurationPlatforms) = postSolution
		{043FA2B9-D16E-4DB5-A294-F7AE45375A4D}.Debug|Any CPU.ActiveCfg = Debug|Any CPU
		{043FA2B9-D16E-4DB5-A294-F7AE45375A4D}.Debug|Any CPU.Build.0 = Debug|Any CPU
		{043FA2B9-D16E-4DB5-A294-F7AE45375A4D}.Release|Any CPU.ActiveCfg = Release|Any CPU
		{043FA2B9-D16E-4DB5-A294-F7AE45375A4D}.Release|Any CPU.Build.0 = Release|Any CPU
	EndGlobalSection
	GlobalSection(SolutionProperties) = preSolution
		HideSolutionNode = FALSE
	EndGlobalSection
	GlobalSection(ExtensibilityGlobals) = postSolution
		SolutionGuid = {30CE6D1C-80B5-45D5-B5AD-7E5B0300D715}
	EndGlobalSection
EndGlobal
